{
    "_meta": {
        "hash": {
            "sha256": "cc63d7c120dcc5b62897aaa5329f0b1fd59150e14c7a31a3019dc3340eefdc7b"
        },
        "pipfile-spec": 6,
        "requires": {
            "python_version": "3.10"
        },
        "sources": [
            {
                "name": "pypi",
                "url": "https://pypi.org/simple",
                "verify_ssl": true
            }
        ]
    },
    "default": {
        "altgraph": {
            "hashes": [
                "sha256:c87b395dd12fabde9c99573a9749d67da8d29ef9de0125c7f536699b4a9bc9e7",
                "sha256:f3a22400bce1b0c701683820ac4f3b159cd301acab067c51c653e06961600597"
            ],
            "version": "==0.17.5"
        },
        "packaging": {
            "hashes": [
                "sha256:29572ef2b1f17581046b3a2227d5c611fb25ec70ca1ba8554b24b0e69331a484",
                "sha256:d443872c98d677bf60f6a1f2f8c1cb748e8fe762d2bf9d3148b5599295b0fc4f"
            ],
            "markers": "python_version >= '3.8'",
            "version": "==25.0"
        },
        "pyinstaller": {
            "hashes": [
                "sha256:060b122e43e7c0b23e759a4153be34bd70914135ab955bb18a67181e0dca85a2",
                "sha256:2a147b83cdebb07855bd5a663600891550062373a2ca375c58eacead33741a27",
                "sha256:3c92a335e338170df7e615f75279cfeea97ade89e6dd7694943c8c185460f7b7",
                "sha256:4e446b8030c6e5a2f712e3f82011ecf6c7ead86008357b0d23a0ec4bcde31dac",
                "sha256:89c0d18ba8b62c6607abd8cf2299ae5ffa5c36d8c47f39608ce8c3f357f6099f",
                "sha256:97f4c1942f7b4cd73f9e38b49cc8f5f8a6fbb44922cb60dd3073a189b77ee1ae",
                "sha256:aa9fd87aaa28239c6f0d0210114029bd03f8cac316a90bab071a5092d7c85ad7",
                "sha256:b019940dbf7a01489d6b26f9fb97db74b504e0a757010f7ad078675befc85a82",
                "sha256:be372bd911392b88277e510940ac32a5c2a6ce4b8d00a311c78fa443f4f27313",
                "sha256:cd213d1a545c97dfe4a3c40e8213ff7c5127fc115c49229f27a3fa541503444b",
                "sha256:ce0be227a037fd4be672226db709088565484f597d6b230bceec19850fdd4c85",
                "sha256:f8cfbbfa6708e54fb936df6dd6eafaf133e84efb0d2fe25b91cfeefa793c4ca4"
            ],
            "index": "pypi",
            "markers": "python_version < '3.15' and python_version >= '3.8'",
            "version": "==6.17.0"
        },
        "pyinstaller-hooks-contrib": {
            "hashes": [
                "sha256:777e163e2942474aa41a8e6d31ac1635292d63422c3646c176d584d04d971c34",
                "sha256:dfe18632e06655fa88d218e0d768fd753e1886465c12a6d4bce04f1aaeec917d"
            ],
            "markers": "python_version >= '3.8'",
            "version": "==2025.11"
        },
        "pysatl": {
            "hashes": [
                "sha256:9a832e1a35c99d2169df4d0e5367a976f7506d0288c95830cf1a8958abc045f2",
                "sha256:fe7b537b92d2ec4882aa18fb4737d494186d008bf99a431776db165556510870"
            ],
            "index": "pypi",
            "markers": "python_version >= '3.6'",
            "version": "==1.2.6"
        },
        "pyserial": {
            "hashes": [
                "sha256:3c77e014170dfffbd816e6ffc205e9842efb10be9f58ec16d3e8675b4925cddb",
                "sha256:c4451db6ba391ca6ca299fb3ec7bae67a5c55dde170964c7a14ceefec02f2cf0"
            ],
            "index": "pypi",
            "version": "==3.5"
        },
        "setuptools": {
            "hashes": [
                "sha256:062d34222ad13e0cc312a4c02d73f059e86a4acbfbdea8f8f76b28c99f306922",
                "sha256:f36b47402ecde768dbfafc46e8e4207b4360c654f1f3bb84475f0a28628fb19c"
            ],
            "markers": "python_version >= '3.9'",
            "version": "==80.9.0"
        }
    },
    "develop": {}
}
